// !$*UTF8*$!
{
	archiveVersion = 1;
	classes = {
	};
	objectVersion = 77;
	objects = {

/* Begin PBXBuildFile section */
		2908A42BF848FE26FEBB4BF8 /* Pods_BlogPost_iOSApp_BlogPost_iOSAppUITests.framework in Frameworks */ = {isa = PBXBuildFile; fileRef = 398E75E6822F56FEA82A4074 /* Pods_BlogPost_iOSApp_BlogPost_iOSAppUITests.framework */; };
		EEE62FF9DBA49772685DAD60 /* Pods_BlogPost_iOSApp.framework in Frameworks */ = {isa = PBXBuildFile; fileRef = 6A63B25031E29960DCC9428E /* Pods_BlogPost_iOSApp.framework */; };
/* End PBXBuildFile section */

/* Begin PBXContainerItemProxy section */
		308FC32B2E5C402B00418FCE /* PBXContainerItemProxy */ = {
			isa = PBXContainerItemProxy;
			containerPortal = 308FC3142E5C402B00418FCE /* Project object */;
			proxyType = 1;
			remoteGlobalIDString = 308FC31B2E5C402B00418FCE;
			remoteInfo = BlogPost_iOSApp;
		};
		308FC3352E5C402B00418FCE /* PBXContainerItemProxy */ = {
			isa = PBXContainerItemProxy;
			containerPortal = 308FC3142E5C402B00418FCE /* Project object */;
			proxyType = 1;
			remoteGlobalIDString = 308FC31B2E5C402B00418FCE;
			remoteInfo = BlogPost_iOSApp;
		};
/* End PBXContainerItemProxy section */

/* Begin PBXFileReference section */
		2BCAF3C63675C91F8EE7210F /* Pods-BlogPost_iOSApp.release.xcconfig */ = {isa = PBXFileReference; includeInIndex = 1; lastKnownFileType = text.xcconfig; name = "Pods-BlogPost_iOSApp.release.xcconfig"; path = "Target Support Files/Pods-BlogPost_iOSApp/Pods-BlogPost_iOSApp.release.xcconfig"; sourceTree = "<group>"; };
		308FC31C2E5C402B00418FCE /* BlogPost_iOSApp.app */ = {isa = PBXFileReference; explicitFileType = wrapper.application; includeInIndex = 0; path = BlogPost_iOSApp.app; sourceTree = BUILT_PRODUCTS_DIR; };
		308FC32A2E5C402B00418FCE /* BlogPost_iOSAppTests.xctest */ = {isa = PBXFileReference; explicitFileType = wrapper.cfbundle; includeInIndex = 0; path = BlogPost_iOSAppTests.xctest; sourceTree = BUILT_PRODUCTS_DIR; };
		308FC3342E5C402B00418FCE /* BlogPost_iOSAppUITests.xctest */ = {isa = PBXFileReference; explicitFileType = wrapper.cfbundle; includeInIndex = 0; path = BlogPost_iOSAppUITests.xctest; sourceTree = BUILT_PRODUCTS_DIR; };
		398E75E6822F56FEA82A4074 /* Pods_BlogPost_iOSApp_BlogPost_iOSAppUITests.framework */ = {isa = PBXFileReference; explicitFileType = wrapper.framework; includeInIndex = 0; path = Pods_BlogPost_iOSApp_BlogPost_iOSAppUITests.framework; sourceTree = BUILT_PRODUCTS_DIR; };
		4F4D852CAFDFD92DEC952964 /* Pods-BlogPost_iOSApp.debug.xcconfig */ = {isa = PBXFileReference; includeInIndex = 1; lastKnownFileType = text.xcconfig; name = "Pods-BlogPost_iOSApp.debug.xcconfig"; path = "Target Support Files/Pods-BlogPost_iOSApp/Pods-BlogPost_iOSApp.debug.xcconfig"; sourceTree = "<group>"; };
		57EEA5F8CC5C7C184465973D /* Pods-BlogPost_iOSApp-BlogPost_iOSAppUITests.release.xcconfig */ = {isa = PBXFileReference; includeInIndex = 1; lastKnownFileType = text.xcconfig; name = "Pods-BlogPost_iOSApp-BlogPost_iOSAppUITests.release.xcconfig"; path = "Target Support Files/Pods-BlogPost_iOSApp-BlogPost_iOSAppUITests/Pods-BlogPost_iOSApp-BlogPost_iOSAppUITests.release.xcconfig"; sourceTree = "<group>"; };
		69EC5F1F549AB61E85398378 /* Pods-BlogPost_iOSApp-BlogPost_iOSAppUITests.debug.xcconfig */ = {isa = PBXFileReference; includeInIndex = 1; lastKnownFileType = text.xcconfig; name = "Pods-BlogPost_iOSApp-BlogPost_iOSAppUITests.debug.xcconfig"; path = "Target Support Files/Pods-BlogPost_iOSApp-BlogPost_iOSAppUITests/Pods-BlogPost_iOSApp-BlogPost_iOSAppUITests.debug.xcconfig"; sourceTree = "<group>"; };
		6A63B25031E29960DCC9428E /* Pods_BlogPost_iOSApp.framework */ = {isa = PBXFileReference; explicitFileType = wrapper.framework; includeInIndex = 0; path = Pods_BlogPost_iOSApp.framework; sourceTree = BUILT_PRODUCTS_DIR; };
/* End PBXFileReference section */

/* Begin PBXFileSystemSynchronizedRootGroup section */
		308FC31E2E5C402B00418FCE /* BlogPost_iOSApp */ = {
			isa = PBXFileSystemSynchronizedRootGroup;
			path = BlogPost_iOSApp;
			sourceTree = "<group>";
		};
		308FC32D2E5C402B00418FCE /* BlogPost_iOSAppTests */ = {
			isa = PBXFileSystemSynchronizedRootGroup;
			path = BlogPost_iOSAppTests;
			sourceTree = "<group>";
		};
		308FC3372E5C402B00418FCE /* BlogPost_iOSAppUITests */ = {
			isa = PBXFileSystemSynchronizedRootGroup;
			path = BlogPost_iOSAppUITests;
			sourceTree = "<group>";
		};
/* End PBXFileSystemSynchronizedRootGroup section */

/* Begin PBXFrameworksBuildPhase section */
		308FC3192E5C402B00418FCE /* Frameworks */ = {
			isa = PBXFrameworksBuildPhase;
			buildActionMask = 2147483647;
			files = (
				EEE62FF9DBA49772685DAD60 /* Pods_BlogPost_iOSApp.framework in Frameworks */,
			);
			runOnlyForDeploymentPostprocessing = 0;
		};
		308FC3272E5C402B00418FCE /* Frameworks */ = {
			isa = PBXFrameworksBuildPhase;
			buildActionMask = 2147483647;
			files = (
			);
			runOnlyForDeploymentPostprocessing = 0;
		};
		308FC3312E5C402B00418FCE /* Frameworks */ = {
			isa = PBXFrameworksBuildPhase;
			buildActionMask = 2147483647;
			files = (
				2908A42BF848FE26FEBB4BF8 /* Pods_BlogPost_iOSApp_BlogPost_iOSAppUITests.framework in Frameworks */,
			);
			runOnlyForDeploymentPostprocessing = 0;
		};
/* End PBXFrameworksBuildPhase section */

/* Begin PBXGroup section */
		308FC3132E5C402B00418FCE = {
			isa = PBXGroup;
			children = (
				308FC31E2E5C402B00418FCE /* BlogPost_iOSApp */,
				308FC32D2E5C402B00418FCE /* BlogPost_iOSAppTests */,
				308FC3372E5C402B00418FCE /* BlogPost_iOSAppUITests */,
				308FC31D2E5C402B00418FCE /* Products */,
				68CDFF55AC4F828F9117F428 /* Pods */,
				AB1DA45026449E7F5FA7E31F /* Frameworks */,
			);
			sourceTree = "<group>";
		};
		308FC31D2E5C402B00418FCE /* Products */ = {
			isa = PBXGroup;
			children = (
				308FC31C2E5C402B00418FCE /* BlogPost_iOSApp.app */,
				308FC32A2E5C402B00418FCE /* BlogPost_iOSAppTests.xctest */,
				308FC3342E5C402B00418FCE /* BlogPost_iOSAppUITests.xctest */,
			);
			name = Products;
			sourceTree = "<group>";
		};
		68CDFF55AC4F828F9117F428 /* Pods */ = {
			isa = PBXGroup;
			children = (
				4F4D852CAFDFD92DEC952964 /* Pods-BlogPost_iOSApp.debug.xcconfig */,
				2BCAF3C63675C91F8EE7210F /* Pods-BlogPost_iOSApp.release.xcconfig */,
				69EC5F1F549AB61E85398378 /* Pods-BlogPost_iOSApp-BlogPost_iOSAppUITests.debug.xcconfig */,
				57EEA5F8CC5C7C184465973D /* Pods-BlogPost_iOSApp-BlogPost_iOSAppUITests.release.xcconfig */,
			);
			path = Pods;
			sourceTree = "<group>";
		};
		AB1DA45026449E7F5FA7E31F /* Frameworks */ = {
			isa = PBXGroup;
			children = (
				6A63B25031E29960DCC9428E /* Pods_BlogPost_iOSApp.framework */,
				398E75E6822F56FEA82A4074 /* Pods_BlogPost_iOSApp_BlogPost_iOSAppUITests.framework */,
			);
			name = Frameworks;
			sourceTree = "<group>";
		};
/* End PBXGroup section */

/* Begin PBXNativeTarget section */
		308FC31B2E5C402B00418FCE /* BlogPost_iOSApp */ = {
			isa = PBXNativeTarget;
			buildConfigurationList = 308FC33E2E5C402B00418FCE /* Build configuration list for PBXNativeTarget "BlogPost_iOSApp" */;
			buildPhases = (
				C47DB1EDA99ABEA7FA977301 /* [CP] Check Pods Manifest.lock */,
				308FC3182E5C402B00418FCE /* Sources */,
				308FC3192E5C402B00418FCE /* Frameworks */,
				308FC31A2E5C402B00418FCE /* Resources */,
				4793C1ECCB619F8DAAC352A2 /* [CP] Embed Pods Frameworks */,
			);
			buildRules = (
			);
			dependencies = (
			);
			fileSystemSynchronizedGroups = (
				308FC31E2E5C402B00418FCE /* BlogPost_iOSApp */,
			);
			name = BlogPost_iOSApp;
			productName = BlogPost_iOSApp;
			productReference = 308FC31C2E5C402B00418FCE /* BlogPost_iOSApp.app */;
			productType = "com.apple.product-type.application";
		};
		308FC3292E5C402B00418FCE /* BlogPost_iOSAppTests */ = {
			isa = PBXNativeTarget;
			buildConfigurationList = 308FC3412E5C402B00418FCE /* Build configuration list for PBXNativeTarget "BlogPost_iOSAppTests" */;
			buildPhases = (
				308FC3262E5C402B00418FCE /* Sources */,
				308FC3272E5C402B00418FCE /* Frameworks */,
				308FC3282E5C402B00418FCE /* Resources */,
			);
			buildRules = (
			);
			dependencies = (
				308FC32C2E5C402B00418FCE /* PBXTargetDependency */,
			);
			fileSystemSynchronizedGroups = (
				308FC32D2E5C402B00418FCE /* BlogPost_iOSAppTests */,
			);
			name = BlogPost_iOSAppTests;
			productName = BlogPost_iOSAppTests;
			productReference = 308FC32A2E5C402B00418FCE /* BlogPost_iOSAppTests.xctest */;
			productType = "com.apple.product-type.bundle.unit-test";
		};
		308FC3332E5C402B00418FCE /* BlogPost_iOSAppUITests */ = {
			isa = PBXNativeTarget;
			buildConfigurationList = 308FC3442E5C402B00418FCE /* Build configuration list for PBXNativeTarget "BlogPost_iOSAppUITests" */;
			buildPhases = (
				0278F9E67EB0A44B37E2155E /* [CP] Check Pods Manifest.lock */,
				308FC3302E5C402B00418FCE /* Sources */,
				308FC3312E5C402B00418FCE /* Frameworks */,
				308FC3322E5C402B00418FCE /* Resources */,
				B532850BE3C79A0F92AAE5CD /* [CP] Embed Pods Frameworks */,
			);
			buildRules = (
			);
			dependencies = (
				308FC3362E5C402B00418FCE /* PBXTargetDependency */,
			);
			fileSystemSynchronizedGroups = (
				308FC3372E5C402B00418FCE /* BlogPost_iOSAppUITests */,
			);
			name = BlogPost_iOSAppUITests;
			productName = BlogPost_iOSAppUITests;
			productReference = 308FC3342E5C402B00418FCE /* BlogPost_iOSAppUITests.xctest */;
			productType = "com.apple.product-type.bundle.ui-testing";
		};
/* End PBXNativeTarget section */

/* Begin PBXProject section */
		308FC3142E5C402B00418FCE /* Project object */ = {
			isa = PBXProject;
			attributes = {
				BuildIndependentTargetsInParallel = 1;
				LastSwiftUpdateCheck = 1640;
				LastUpgradeCheck = 1640;
				TargetAttributes = {
					308FC31B2E5C402B00418FCE = {
						CreatedOnToolsVersion = 16.4;
					};
					308FC3292E5C402B00418FCE = {
						CreatedOnToolsVersion = 16.4;
						TestTargetID = 308FC31B2E5C402B00418FCE;
					};
					308FC3332E5C402B00418FCE = {
						CreatedOnToolsVersion = 16.4;
						TestTargetID = 308FC31B2E5C402B00418FCE;
					};
				};
			};
			buildConfigurationList = 308FC3172E5C402B00418FCE /* Build configuration list for PBXProject "BlogPost_iOSApp" */;
			developmentRegion = en;
			hasScannedForEncodings = 0;
			knownRegions = (
				en,
				Base,
			);
			mainGroup = 308FC3132E5C402B00418FCE;
			minimizedProjectReferenceProxies = 1;
			preferredProjectObjectVersion = 77;
			productRefGroup = 308FC31D2E5C402B00418FCE /* Products */;
			projectDirPath = "";
			projectRoot = "";
			targets = (
				308FC31B2E5C402B00418FCE /* BlogPost_iOSApp */,
				308FC3292E5C402B00418FCE /* BlogPost_iOSAppTests */,
				308FC3332E5C402B00418FCE /* BlogPost_iOSAppUITests */,
			);
		};
/* End PBXProject section */

/* Begin PBXResourcesBuildPhase section */
		308FC31A2E5C402B00418FCE /* Resources */ = {
			isa = PBXResourcesBuildPhase;
			buildActionMask = 2147483647;
			files = (
			);
			runOnlyForDeploymentPostprocessing = 0;
		};
		308FC3282E5C402B00418FCE /* Resources */ = {
			isa = PBXResourcesBuildPhase;
			buildActionMask = 2147483647;
			files = (
			);
			runOnlyForDeploymentPostprocessing = 0;
		};
		308FC3322E5C402B00418FCE /* Resources */ = {
			isa = PBXResourcesBuildPhase;
			buildActionMask = 2147483647;
			files = (
			);
			runOnlyForDeploymentPostprocessing = 0;
		};
/* End PBXResourcesBuildPhase section */

/* Begin PBXShellScriptBuildPhase section */
		0278F9E67EB0A44B37E2155E /* [CP] Check Pods Manifest.lock */ = {
			isa = PBXShellScriptBuildPhase;
			buildActionMask = 2147483647;
			files = (
			);
			inputFileListPaths = (
			);
			inputPaths = (
				"${PODS_PODFILE_DIR_PATH}/Podfile.lock",
				"${PODS_ROOT}/Manifest.lock",
			);
			name = "[CP] Check Pods Manifest.lock";
			outputFileListPaths = (
			);
			outputPaths = (
				"$(DERIVED_FILE_DIR)/Pods-BlogPost_iOSApp-BlogPost_iOSAppUITests-checkManifestLockResult.txt",
			);
			runOnlyForDeploymentPostprocessing = 0;
			shellPath = /bin/sh;
			shellScript = "diff \"${PODS_PODFILE_DIR_PATH}/Podfile.lock\" \"${PODS_ROOT}/Manifest.lock\" > /dev/null\nif [ $? != 0 ] ; then\n    # print error to STDERR\n    echo \"error: The sandbox is not in sync with the Podfile.lock. Run 'pod install' or update your CocoaPods installation.\" >&2\n    exit 1\nfi\n# This output is used by Xcode 'outputs' to avoid re-running this script phase.\necho \"SUCCESS\" > \"${SCRIPT_OUTPUT_FILE_0}\"\n";
			showEnvVarsInLog = 0;
		};
		4793C1ECCB619F8DAAC352A2 /* [CP] Embed Pods Frameworks */ = {
			isa = PBXShellScriptBuildPhase;
			buildActionMask = 2147483647;
			files = (
			);
			inputFileListPaths = (
			);
			inputPaths = (
			);
			name = "[CP] Embed Pods Frameworks";
			outputFileListPaths = (
			);
			outputPaths = (
			);
			runOnlyForDeploymentPostprocessing = 0;
			shellPath = /bin/sh;
			shellScript = "\"${PODS_ROOT}/Target Support Files/Pods-BlogPost_iOSApp/Pods-BlogPost_iOSApp-frameworks.sh\"\n";
			showEnvVarsInLog = 0;
		};
		B532850BE3C79A0F92AAE5CD /* [CP] Embed Pods Frameworks */ = {
			isa = PBXShellScriptBuildPhase;
			buildActionMask = 2147483647;
			files = (
			);
			inputFileListPaths = (
			);
			inputPaths = (
			);
			name = "[CP] Embed Pods Frameworks";
			outputFileListPaths = (
			);
			outputPaths = (
			);
			runOnlyForDeploymentPostprocessing = 0;
			shellPath = /bin/sh;
			shellScript = "\"${PODS_ROOT}/Target Support Files/Pods-BlogPost_iOSApp-BlogPost_iOSAppUITests/Pods-BlogPost_iOSApp-BlogPost_iOSAppUITests-frameworks.sh\"\n";
			showEnvVarsInLog = 0;
		};
		C47DB1EDA99ABEA7FA977301 /* [CP] Check Pods Manifest.lock */ = {
			isa = PBXShellScriptBuildPhase;
			buildActionMask = 2147483647;
			files = (
			);
			inputFileListPaths = (
			);
			inputPaths = (
				"${PODS_PODFILE_DIR_PATH}/Podfile.lock",
				"${PODS_ROOT}/Manifest.lock",
			);
			name = "[CP] Check Pods Manifest.lock";
			outputFileListPaths = (
			);
			outputPaths = (
				"$(DERIVED_FILE_DIR)/Pods-BlogPost_iOSApp-checkManifestLockResult.txt",
			);
			runOnlyForDeploymentPostprocessing = 0;
			shellPath = /bin/sh;
			shellScript = "diff \"${PODS_PODFILE_DIR_PATH}/Podfile.lock\" \"${PODS_ROOT}/Manifest.lock\" > /dev/null\nif [ $? != 0 ] ; then\n    # print error to STDERR\n    echo \"error: The sandbox is not in sync with the Podfile.lock. Run 'pod install' or update your CocoaPods installation.\" >&2\n    exit 1\nfi\n# This output is used by Xcode 'outputs' to avoid re-running this script phase.\necho \"SUCCESS\" > \"${SCRIPT_OUTPUT_FILE_0}\"\n";
			showEnvVarsInLog = 0;
		};
/* End PBXShellScriptBuildPhase section */

/* Begin PBXSourcesBuildPhase section */
		308FC3182E5C402B00418FCE /* Sources */ = {
			isa = PBXSourcesBuildPhase;
			buildActionMask = 2147483647;
			files = (
			);
			runOnlyForDeploymentPostprocessing = 0;
		};
		308FC3262E5C402B00418FCE /* Sources */ = {
			isa = PBXSourcesBuildPhase;
			buildActionMask = 2147483647;
			files = (
			);
			runOnlyForDeploymentPostprocessing = 0;
		};
		308FC3302E5C402B00418FCE /* Sources */ = {
			isa = PBXSourcesBuildPhase;
			buildActionMask = 2147483647;
			files = (
			);
			runOnlyForDeploymentPostprocessing = 0;
		};
/* End PBXSourcesBuildPhase section */

/* Begin PBXTargetDependency section */
		308FC32C2E5C402B00418FCE /* PBXTargetDependency */ = {
			isa = PBXTargetDependency;
			target = 308FC31B2E5C402B00418FCE /* BlogPost_iOSApp */;
			targetProxy = 308FC32B2E5C402B00418FCE /* PBXContainerItemProxy */;
		};
		308FC3362E5C402B00418FCE /* PBXTargetDependency */ = {
			isa = PBXTargetDependency;
			target = 308FC31B2E5C402B00418FCE /* BlogPost_iOSApp */;
			targetProxy = 308FC3352E5C402B00418FCE /* PBXContainerItemProxy */;
		};
/* End PBXTargetDependency section */

/* Begin XCBuildConfiguration section */
		308FC33C2E5C402B00418FCE /* Debug */ = {
			isa = XCBuildConfiguration;
			buildSettings = {
				ALWAYS_SEARCH_USER_PATHS = NO;
				ASSETCATALOG_COMPILER_GENERATE_SWIFT_ASSET_SYMBOL_EXTENSIONS = YES;
				CLANG_ANALYZER_NONNULL = YES;
				CLANG_ANALYZER_NUMBER_OBJECT_CONVERSION = YES_AGGRESSIVE;
				CLANG_CXX_LANGUAGE_STANDARD = "gnu++20";
				CLANG_ENABLE_MODULES = YES;
				CLANG_ENABLE_OBJC_ARC = YES;
				CLANG_ENABLE_OBJC_WEAK = YES;
				CLANG_WARN_BLOCK_CAPTURE_AUTORELEASING = YES;
				CLANG_WARN_BOOL_CONVERSION = YES;
				CLANG_WARN_COMMA = YES;
				CLANG_WARN_CONSTANT_CONVERSION = YES;
				CLANG_WARN_DEPRECATED_OBJC_IMPLEMENTATIONS = YES;
				CLANG_WARN_DIRECT_OBJC_ISA_USAGE = YES_ERROR;
				CLANG_WARN_DOCUMENTATION_COMMENTS = YES;
				CLANG_WARN_EMPTY_BODY = YES;
				CLANG_WARN_ENUM_CONVERSION = YES;
				CLANG_WARN_INFINITE_RECURSION = YES;
				CLANG_WARN_INT_CONVERSION = YES;
				CLANG_WARN_NON_LITERAL_NULL_CONVERSION = YES;
				CLANG_WARN_OBJC_IMPLICIT_RETAIN_SELF = YES;
				CLANG_WARN_OBJC_LITERAL_CONVERSION = YES;
				CLANG_WARN_OBJC_ROOT_CLASS = YES_ERROR;
				CLANG_WARN_QUOTED_INCLUDE_IN_FRAMEWORK_HEADER = YES;
				CLANG_WARN_RANGE_LOOP_ANALYSIS = YES;
				CLANG_WARN_STRICT_PROTOTYPES = YES;
				CLANG_WARN_SUSPICIOUS_MOVE = YES;
				CLANG_WARN_UNGUARDED_AVAILABILITY = YES_AGGRESSIVE;
				CLANG_WARN_UNREACHABLE_CODE = YES;
				CLANG_WARN__DUPLICATE_METHOD_MATCH = YES;
				COPY_PHASE_STRIP = NO;
				DEBUG_INFORMATION_FORMAT = dwarf;
				ENABLE_STRICT_OBJC_MSGSEND = YES;
				ENABLE_TESTABILITY = YES;
				ENABLE_USER_SCRIPT_SANDBOXING = NO;
				GCC_C_LANGUAGE_STANDARD = gnu17;
				GCC_DYNAMIC_NO_PIC = NO;
				GCC_NO_COMMON_BLOCKS = YES;
				GCC_OPTIMIZATION_LEVEL = 0;
				GCC_PREPROCESSOR_DEFINITIONS = (
					"DEBUG=1",
					"$(inherited)",
				);
				GCC_WARN_64_TO_32_BIT_CONVERSION = YES;
				GCC_WARN_ABOUT_RETURN_TYPE = YES_ERROR;
				GCC_WARN_UNDECLARED_SELECTOR = YES;
				GCC_WARN_UNINITIALIZED_AUTOS = YES_AGGRESSIVE;
				GCC_WARN_UNUSED_FUNCTION = YES;
				GCC_WARN_UNUSED_VARIABLE = YES;
				LOCALIZATION_PREFERS_STRING_CATALOGS = YES;
				MTL_ENABLE_DEBUG_INFO = INCLUDE_SOURCE;
				MTL_FAST_MATH = YES;
				ONLY_ACTIVE_ARCH = YES;
				SWIFT_ACTIVE_COMPILATION_CONDITIONS = "DEBUG $(inherited)";
				SWIFT_OPTIMIZATION_LEVEL = "-Onone";
			};
			name = Debug;
		};
		308FC33D2E5C402B00418FCE /* Release */ = {
			isa = XCBuildConfiguration;
			buildSettings = {
				ALWAYS_SEARCH_USER_PATHS = NO;
				ASSETCATALOG_COMPILER_GENERATE_SWIFT_ASSET_SYMBOL_EXTENSIONS = YES;
				CLANG_ANALYZER_NONNULL = YES;
				CLANG_ANALYZER_NUMBER_OBJECT_CONVERSION = YES_AGGRESSIVE;
				CLANG_CXX_LANGUAGE_STANDARD = "gnu++20";
				CLANG_ENABLE_MODULES = YES;
				CLANG_ENABLE_OBJC_ARC = YES;
				CLANG_ENABLE_OBJC_WEAK = YES;
				CLANG_WARN_BLOCK_CAPTURE_AUTORELEASING = YES;
				CLANG_WARN_BOOL_CONVERSION = YES;
				CLANG_WARN_COMMA = YES;
				CLANG_WARN_CONSTANT_CONVERSION = YES;
				CLANG_WARN_DEPRECATED_OBJC_IMPLEMENTATIONS = YES;
				CLANG_WARN_DIRECT_OBJC_ISA_USAGE = YES_ERROR;
				CLANG_WARN_DOCUMENTATION_COMMENTS = YES;
				CLANG_WARN_EMPTY_BODY = YES;
				CLANG_WARN_ENUM_CONVERSION = YES;
				CLANG_WARN_INFINITE_RECURSION = YES;
				CLANG_WARN_INT_CONVERSION = YES;
				CLANG_WARN_NON_LITERAL_NULL_CONVERSION = YES;
				CLANG_WARN_OBJC_IMPLICIT_RETAIN_SELF = YES;
				CLANG_WARN_OBJC_LITERAL_CONVERSION = YES;
				CLANG_WARN_OBJC_ROOT_CLASS = YES_ERROR;
				CLANG_WARN_QUOTED_INCLUDE_IN_FRAMEWORK_HEADER = YES;
				CLANG_WARN_RANGE_LOOP_ANALYSIS = YES;
				CLANG_WARN_STRICT_PROTOTYPES = YES;
				CLANG_WARN_SUSPICIOUS_MOVE = YES;
				CLANG_WARN_UNGUARDED_AVAILABILITY = YES_AGGRESSIVE;
				CLANG_WARN_UNREACHABLE_CODE = YES;
				CLANG_WARN__DUPLICATE_METHOD_MATCH = YES;
				COPY_PHASE_STRIP = NO;
				DEBUG_INFORMATION_FORMAT = "dwarf-with-dsym";
				ENABLE_NS_ASSERTIONS = NO;
				ENABLE_STRICT_OBJC_MSGSEND = YES;
				ENABLE_USER_SCRIPT_SANDBOXING = NO;
				GCC_C_LANGUAGE_STANDARD = gnu17;
				GCC_NO_COMMON_BLOCKS = YES;
				GCC_WARN_64_TO_32_BIT_CONVERSION = YES;
				GCC_WARN_ABOUT_RETURN_TYPE = YES_ERROR;
				GCC_WARN_UNDECLARED_SELECTOR = YES;
				GCC_WARN_UNINITIALIZED_AUTOS = YES_AGGRESSIVE;
				GCC_WARN_UNUSED_FUNCTION = YES;
				GCC_WARN_UNUSED_VARIABLE = YES;
				LOCALIZATION_PREFERS_STRING_CATALOGS = YES;
				MTL_ENABLE_DEBUG_INFO = NO;
				MTL_FAST_MATH = YES;
				SWIFT_COMPILATION_MODE = wholemodule;
			};
			name = Release;
		};
		308FC33F2E5C402B00418FCE /* Debug */ = {
			isa = XCBuildConfiguration;
			baseConfigurationReference = 4F4D852CAFDFD92DEC952964 /* Pods-BlogPost_iOSApp.debug.xcconfig */;
			buildSettings = {
				ASSETCATALOG_COMPILER_APPICON_NAME = AppIcon;
				ASSETCATALOG_COMPILER_GLOBAL_ACCENT_COLOR_NAME = AccentColor;
				CODE_SIGN_ENTITLEMENTS = BlogPost_iOSApp/BlogPost_iOSApp.entitlements;
				CODE_SIGN_STYLE = Automatic;
				CURRENT_PROJECT_VERSION = 1;
				ENABLE_PREVIEWS = YES;
				GENERATE_INFOPLIST_FILE = YES;
				INFOPLIST_FILE = "BlogPost-iOSApp-Info.plist";
				INFOPLIST_KEY_CFBundleDisplayName = "";
				INFOPLIST_KEY_LSApplicationCategoryType = "";
				"INFOPLIST_KEY_UIApplicationSceneManifest_Generation[sdk=iphoneos*]" = YES;
				"INFOPLIST_KEY_UIApplicationSceneManifest_Generation[sdk=iphonesimulator*]" = YES;
				"INFOPLIST_KEY_UIApplicationSupportsIndirectInputEvents[sdk=iphoneos*]" = YES;
				"INFOPLIST_KEY_UIApplicationSupportsIndirectInputEvents[sdk=iphonesimulator*]" = YES;
				"INFOPLIST_KEY_UILaunchScreen_Generation[sdk=iphoneos*]" = YES;
				"INFOPLIST_KEY_UILaunchScreen_Generation[sdk=iphonesimulator*]" = YES;
				"INFOPLIST_KEY_UIStatusBarStyle[sdk=iphoneos*]" = UIStatusBarStyleDefault;
				"INFOPLIST_KEY_UIStatusBarStyle[sdk=iphonesimulator*]" = UIStatusBarStyleDefault;
				INFOPLIST_KEY_UISupportedInterfaceOrientations_iPad = "UIInterfaceOrientationPortrait UIInterfaceOrientationPortraitUpsideDown UIInterfaceOrientationLandscapeLeft UIInterfaceOrientationLandscapeRight";
				INFOPLIST_KEY_UISupportedInterfaceOrientations_iPhone = "UIInterfaceOrientationPortrait UIInterfaceOrientationLandscapeLeft UIInterfaceOrientationLandscapeRight";
				IPHONEOS_DEPLOYMENT_TARGET = 18.5;
				LD_RUNPATH_SEARCH_PATHS = "@executable_path/Frameworks";
				"LD_RUNPATH_SEARCH_PATHS[sdk=macosx*]" = "@executable_path/../Frameworks";
				MACOSX_DEPLOYMENT_TARGET = 15.5;
				MARKETING_VERSION = 1.0;
				PRODUCT_BUNDLE_IDENTIFIER = "com.deshiit.BlogPost-iOSApp";
				PRODUCT_NAME = "$(TARGET_NAME)";
				REGISTER_APP_GROUPS = YES;
				SDKROOT = auto;
				SUPPORTED_PLATFORMS = "iphoneos iphonesimulator macosx xros xrsimulator";
				SWIFT_EMIT_LOC_STRINGS = YES;
				SWIFT_VERSION = 5.0;
				TARGETED_DEVICE_FAMILY = "1,2,7";
				XROS_DEPLOYMENT_TARGET = 2.5;
			};
			name = Debug;
		};
		308FC3402E5C402B00418FCE /* Release */ = {
			isa = XCBuildConfiguration;
			baseConfigurationReference = 2BCAF3C63675C91F8EE7210F /* Pods-BlogPost_iOSApp.release.xcconfig */;
			buildSettings = {
				ASSETCATALOG_COMPILER_APPICON_NAME = AppIcon;
				ASSETCATALOG_COMPILER_GLOBAL_ACCENT_COLOR_NAME = AccentColor;
				CODE_SIGN_ENTITLEMENTS = BlogPost_iOSApp/BlogPost_iOSApp.entitlements;
				CODE_SIGN_STYLE = Automatic;
				CURRENT_PROJECT_VERSION = 1;
				ENABLE_PREVIEWS = YES;
				GENERATE_INFOPLIST_FILE = YES;
				INFOPLIST_FILE = "BlogPost-iOSApp-Info.plist";
				INFOPLIST_KEY_CFBundleDisplayName = "";
				INFOPLIST_KEY_LSApplicationCategoryType = "";
				"INFOPLIST_KEY_UIApplicationSceneManifest_Generation[sdk=iphoneos*]" = YES;
				"INFOPLIST_KEY_UIApplicationSceneManifest_Generation[sdk=iphonesimulator*]" = YES;
				"INFOPLIST_KEY_UIApplicationSupportsIndirectInputEvents[sdk=iphoneos*]" = YES;
				"INFOPLIST_KEY_UIApplicationSupportsIndirectInputEvents[sdk=iphonesimulator*]" = YES;
				"INFOPLIST_KEY_UILaunchScreen_Generation[sdk=iphoneos*]" = YES;
				"INFOPLIST_KEY_UILaunchScreen_Generation[sdk=iphonesimulator*]" = YES;
				"INFOPLIST_KEY_UIStatusBarStyle[sdk=iphoneos*]" = UIStatusBarStyleDefault;
				"INFOPLIST_KEY_UIStatusBarStyle[sdk=iphonesimulator*]" = UIStatusBarStyleDefault;
				INFOPLIST_KEY_UISupportedInterfaceOrientations_iPad = "UIInterfaceOrientationPortrait UIInterfaceOrientationPortraitUpsideDown UIInterfaceOrientationLandscapeLeft UIInterfaceOrientationLandscapeRight";
				INFOPLIST_KEY_UISupportedInterfaceOrientations_iPhone = "UIInterfaceOrientationPortrait UIInterfaceOrientationLandscapeLeft UIInterfaceOrientationLandscapeRight";
				IPHONEOS_DEPLOYMENT_TARGET = 18.5;
				LD_RUNPATH_SEARCH_PATHS = "@executable_path/Frameworks";
				"LD_RUNPATH_SEARCH_PATHS[sdk=macosx*]" = "@executable_path/../Frameworks";
				MACOSX_DEPLOYMENT_TARGET = 15.5;
				MARKETING_VERSION = 1.0;
				PRODUCT_BUNDLE_IDENTIFIER = "com.deshiit.BlogPost-iOSApp";
				PRODUCT_NAME = "$(TARGET_NAME)";
				REGISTER_APP_GROUPS = YES;
				SDKROOT = auto;
				SUPPORTED_PLATFORMS = "iphoneos iphonesimulator macosx xros xrsimulator";
				SWIFT_EMIT_LOC_STRINGS = YES;
				SWIFT_VERSION = 5.0;
				TARGETED_DEVICE_FAMILY = "1,2,7";
				XROS_DEPLOYMENT_TARGET = 2.5;
			};
			name = Release;
		};
		308FC3422E5C402B00418FCE /* Debug */ = {
			isa = XCBuildConfiguration;
			buildSettings = {
				BUNDLE_LOADER = "$(TEST_HOST)";
				CODE_SIGN_STYLE = Automatic;
				CURRENT_PROJECT_VERSION = 1;
				GENERATE_INFOPLIST_FILE = YES;
				IPHONEOS_DEPLOYMENT_TARGET = 18.5;
				MACOSX_DEPLOYMENT_TARGET = 15.5;
				MARKETING_VERSION = 1.0;
				PRODUCT_BUNDLE_IDENTIFIER = "com.deshiit.BlogPost-iOSAppTests";
				PRODUCT_NAME = "$(TARGET_NAME)";
				SDKROOT = auto;
				SUPPORTED_PLATFORMS = "iphoneos iphonesimulator macosx xros xrsimulator";
				SWIFT_EMIT_LOC_STRINGS = NO;
				SWIFT_VERSION = 5.0;
				TARGETED_DEVICE_FAMILY = "1,2,7";
				TEST_HOST = "$(BUILT_PRODUCTS_DIR)/BlogPost_iOSApp.app/$(BUNDLE_EXECUTABLE_FOLDER_PATH)/BlogPost_iOSApp";
				XROS_DEPLOYMENT_TARGET = 2.5;
			};
			name = Debug;
		};
		308FC3432E5C402B00418FCE /* Release */ = {
			isa = XCBuildConfiguration;
			buildSettings = {
				BUNDLE_LOADER = "$(TEST_HOST)";
				CODE_SIGN_STYLE = Automatic;
				CURRENT_PROJECT_VERSION = 1;
				GENERATE_INFOPLIST_FILE = YES;
				IPHONEOS_DEPLOYMENT_TARGET = 18.5;
				MACOSX_DEPLOYMENT_TARGET = 15.5;
				MARKETING_VERSION = 1.0;
				PRODUCT_BUNDLE_IDENTIFIER = "com.deshiit.BlogPost-iOSAppTests";
				PRODUCT_NAME = "$(TARGET_NAME)";
				SDKROOT = auto;
				SUPPORTED_PLATFORMS = "iphoneos iphonesimulator macosx xros xrsimulator";
				SWIFT_EMIT_LOC_STRINGS = NO;
				SWIFT_VERSION = 5.0;
				TARGETED_DEVICE_FAMILY = "1,2,7";
				TEST_HOST = "$(BUILT_PRODUCTS_DIR)/BlogPost_iOSApp.app/$(BUNDLE_EXECUTABLE_FOLDER_PATH)/BlogPost_iOSApp";
				XROS_DEPLOYMENT_TARGET = 2.5;
			};
			name = Release;
		};
		308FC3452E5C402B00418FCE /* Debug */ = {
			isa = XCBuildConfiguration;
			baseConfigurationReference = 69EC5F1F549AB61E85398378 /* Pods-BlogPost_iOSApp-BlogPost_iOSAppUITests.debug.xcconfig */;
			buildSettings = {
				CODE_SIGN_STYLE = Automatic;
				CURRENT_PROJECT_VERSION = 1;
				GENERATE_INFOPLIST_FILE = YES;
				IPHONEOS_DEPLOYMENT_TARGET = 18.5;
				MACOSX_DEPLOYMENT_TARGET = 15.5;
				MARKETING_VERSION = 1.0;
				PRODUCT_BUNDLE_IDENTIFIER = "com.deshiit.BlogPost-iOSAppUITests";
				PRODUCT_NAME = "$(TARGET_NAME)";
				SDKROOT = auto;
				SUPPORTED_PLATFORMS = "iphoneos iphonesimulator macosx xros xrsimulator";
				SWIFT_EMIT_LOC_STRINGS = NO;
				SWIFT_VERSION = 5.0;
				TARGETED_DEVICE_FAMILY = "1,2,7";
				TEST_TARGET_NAME = BlogPost_iOSApp;
				XROS_DEPLOYMENT_TARGET = 2.5;
			};
			name = Debug;
		};
		308FC3462E5C402B00418FCE /* Release */ = {
			isa = XCBuildConfiguration;
			baseConfigurationReference = 57EEA5F8CC5C7C184465973D /* Pods-BlogPost_iOSApp-BlogPost_iOSAppUITests.release.xcconfig */;
			buildSettings = {
				CODE_SIGN_STYLE = Automatic;
				CURRENT_PROJECT_VERSION = 1;
				GENERATE_INFOPLIST_FILE = YES;
				IPHONEOS_DEPLOYMENT_TARGET = 18.5;
				MACOSX_DEPLOYMENT_TARGET = 15.5;
				MARKETING_VERSION = 1.0;
				PRODUCT_BUNDLE_IDENTIFIER = "com.deshiit.BlogPost-iOSAppUITests";
				PRODUCT_NAME = "$(TARGET_NAME)";
				SDKROOT = auto;
				SUPPORTED_PLATFORMS = "iphoneos iphonesimulator macosx xros xrsimulator";
				SWIFT_EMIT_LOC_STRINGS = NO;
				SWIFT_VERSION = 5.0;
				TARGETED_DEVICE_FAMILY = "1,2,7";
				TEST_TARGET_NAME = BlogPost_iOSApp;
				XROS_DEPLOYMENT_TARGET = 2.5;
			};
			name = Release;
		};
/* End XCBuildConfiguration section */

/* Begin XCConfigurationList section */
		308FC3172E5C402B00418FCE /* Build configuration list for PBXProject "BlogPost_iOSApp" */ = {
			isa = XCConfigurationList;
			buildConfigurations = (
				308FC33C2E5C402B00418FCE /* Debug */,
				308FC33D2E5C402B00418FCE /* Release */,
			);
			defaultConfigurationIsVisible = 0;
			defaultConfigurationName = Release;
		};
		308FC33E2E5C402B00418FCE /* Build configuration list for PBXNativeTarget "BlogPost_iOSApp" */ = {
			isa = XCConfigurationList;
			buildConfigurations = (
				308FC33F2E5C402B00418FCE /* Debug */,
				308FC3402E5C402B00418FCE /* Release */,
			);
			defaultConfigurationIsVisible = 0;
			defaultConfigurationName = Release;
		};
		308FC3412E5C402B00418FCE /* Build configuration list for PBXNativeTarget "BlogPost_iOSAppTests" */ = {
			isa = XCConfigurationList;
			buildConfigurations = (
				308FC3422E5C402B00418FCE /* Debug */,
				308FC3432E5C402B00418FCE /* Release */,
			);
			defaultConfigurationIsVisible = 0;
			defaultConfigurationName = Release;
		};
		308FC3442E5C402B00418FCE /* Build configuration list for PBXNativeTarget "BlogPost_iOSAppUITests" */ = {
			isa = XCConfigurationList;
			buildConfigurations = (
				308FC3452E5C402B00418FCE /* Debug */,
				308FC3462E5C402B00418FCE /* Release */,
			);
			defaultConfigurationIsVisible = 0;
			defaultConfigurationName = Release;
		};
/* End XCConfigurationList section */
	};
	rootObject = 308FC3142E5C402B00418FCE /* Project object */;
}
